# This file is autogenerated, do not edit; changes may be undone by the next 'dep ensure'.


[[projects]]
  branch = "master"
  name = "github.com/gin-contrib/sse"
  packages = ["."]
  revision = "22d885f9ecc78bf4ee5d72b937e4bbcdc58e8cae"

[[projects]]
  branch = "master"
  name = "github.com/gin-gonic/gin"
  packages = [".","binding","json","render"]
  revision = "9e895470ddd40a45f28dbe4e96bfb5e893d54f9e"

[[projects]]
  branch = "master"
  name = "github.com/glibs/gin-webserver"
  packages = ["."]
  revision = "d9d5bc4eaa44be513329fcecee4c3f8529d632b6"

[[projects]]
  branch = "master"
  name = "github.com/golang/protobuf"
  packages = ["proto"]
  revision = "1e59b77b52bf8e4b449a57e6f79f21226d571845"

[[projects]]
  branch = "master"
  name = "github.com/johntdyer/slack-go"
  packages = ["."]
  revision = "88ef3038545fa084d81f36e4a6943d112cdd74f6"

[[projects]]
  branch = "master"
  name = "github.com/johntdyer/slackrus"
  packages = ["."]
  revision = "3992f319fd0ac349483279ef74742cd787841cba"

[[projects]]
  name = "github.com/json-iterator/go"
  packages = ["."]
  revision = "f7279a603edee96fe7764d3de9c6ff8cf9970994"
  version = "1.0.4"

[[projects]]
  name = "github.com/mattn/go-isatty"
  packages = ["."]
  revision = "0360b2af4f38e8d38c7fce2a9f4e702702d73a39"
  version = "v0.0.3"

[[projects]]
  branch = "master"
  name = "github.com/mitchellh/go-homedir"
  packages = ["."]
  revision = "b8bc1bf767474819792c23f32d8286a45736f1c6"

[[projects]]
  name = "github.com/sirupsen/logrus"
  packages = ["."]
  revision = "d682213848ed68c0a260ca37d6dd5ace8423f5ba"
  version = "v1.0.4"

[[projects]]
  branch = "master"
  name = "github.com/skratchdot/open-golang"
  packages = ["open"]
  revision = "75fb7ed4208cf72d323d7d02fd1a5964a7a9073c"

[[projects]]
  name = "github.com/takama/daemon"
  packages = ["."]
  revision = "f30a97dd1445619884e03e7ed088bc1b3c4f767e"
  version = "0.9.3"

[[projects]]
  branch = "master"
  name = "github.com/ugorji/go"
  packages = ["codec"]
  revision = "0e0d6e869525973a9b36093f6ddc9d91b9fc2d71"

[[projects]]
  branch = "master"
  name = "golang.org/x/crypto"
  packages = ["ssh/terminal"]
  revision = "94eea52f7b742c7cbe0b03b22f0c4c8631ece122"

[[projects]]
  branch = "master"
  name = "golang.org/x/sys"
  packages = ["unix","windows"]
  revision = "0131e684e801af603bb75e5d7f959b32442f327a"

[[projects]]
  name = "gopkg.in/go-playground/validator.v8"
  packages = ["."]
  revision = "5f1438d3fca68893a817e4a66806cea46a9e4ebf"
  version = "v8.18.2"

[[projects]]
  name = "gopkg.in/h2non/filetype.v1"
  packages = [".","matchers","types"]
  revision = "cc14fdc9ca0e4c2bafad7458f6ff79fd3947cfbb"
  version = "v1.0.5"

[[projects]]
  branch = "v2"
  name = "gopkg.in/yaml.v2"
  packages = ["."]
  revision = "287cf08546ab5e7e37d55a84f7ed3fd1db036de5"

[solve-meta]
  analyzer-name = "dep"
  analyzer-version = 1
  inputs-digest = "1c04fb9e59c0a7236ed6fac3a6c7c514ed5074d9ad44611372c0d7a1bc79eb22"
  solver-name = "gps-cdcl"
  solver-version = 1
